{
  "lockfileVersion": 2,
  "configVersion": 1,
  "workspaces": {
    "": {
      "name": "hushapp",
      "dependencies": {
        "@stacksjs/desktop": "^0.2.126",
        "@stacksjs/stx": "^0.2.126",
      },
      "devDependencies": {
        "@stacksjs/bumpx": "^0.2.10",
        "@types/bun": "^1.2.13",
        "bun-git-hooks": "^0.3.1",
        "pickier": "^0.1.44",
        "typescript": "^5.8.3",
        "very-happy-dom": "^0.1.10",
      },
    },
  },
  "packages": {
    "@cwcss/crosswind": ["@cwcss/crosswind@0.2.12", "", { "dependencies": { "@stacksjs/clapp": "^0.2.0", "bunfig": "^0.15.15" }, "bin": { "crosswind": "./dist/cli.js" } }, "sha512-kmU7x5RR+gyaT0iRAb3tdrSZcGgcUYCsMOEB5YLypyZvikbLYCpUdyZrNm2JLjI/tD2ZkgBGdghbHyCJupyPSw=="],

    "@stacksjs/bumpx": ["@stacksjs/bumpx@0.2.14", "", { "dependencies": { "@stacksjs/clapp": "^0.2.0", "@stacksjs/logsmith": "^0.2.6", "bunfig": "^0.15.6" }, "bin": { "bumpx": "./dist/bin/cli.js" } }, "sha512-oXmnW19QEjCGaa4VCCnlMgPSNd7uuFes/A5zBKYHDvCvwGAPuhhg3M3hYDvIAe+jOh2Te1yFs9IfvG84kQmBBg=="],

    "@stacksjs/clapp": ["@stacksjs/clapp@0.2.12", "", {}, "sha512-EzCjl9cfKNMe7UPONHSSAffyfFVrbLzcEVx2i6HYLnJkcka5HFf1vPvOMkErCC10WDX+2Z1BOMTdsTXP1MqIbQ=="],

    "@stacksjs/clarity": ["@stacksjs/clarity@0.3.31", "", { "dependencies": { "bunfig": "^0.15.6" }, "bin": { "clarity": "./dist/bin/cli.js" } }, "sha512-lMw327fKgABG7+cPwtJoiEFlrC9foxrMYKRWIagqEtNHKzgxBR17hOAXH27D4hgLDLvkQFUCNDY4kcWXCt62fQ=="],

    "@stacksjs/desktop": ["@stacksjs/desktop@0.2.126", "", { "dependencies": { "craft-native": ">=0.0.55" } }, "sha512-IX/SBrZEEsuTSU0KNqy1nk7GjQd3A/e6GZJhdYFV2LiCxcGcLf2k2oCjx9AG90owFHX1EP/CO3uqz9Ek80Ea2w=="],

    "@stacksjs/logsmith": ["@stacksjs/logsmith@0.2.11", "", { "dependencies": { "@stacksjs/clapp": "^0.2.0", "bunfig": "^0.15.6", "pickier": "^0.1.9" }, "bin": { "@stacksjs/logsmith": "./dist/bin/cli.js", "logsmith": "./dist/bin/cli.js" } }, "sha512-wqqAxewpsHVDzpC+IRy+yYyGXGlv1j5GCqYTh8fL7d3LLhnRPN72PEQywM357burtORvdkFHfOzk3Ih1SMvuiw=="],

    "@stacksjs/sanitizer": ["@stacksjs/sanitizer@0.2.126", "", {}, "sha512-xgFmNTWwZEvaTmLToWIEmJrrFR7GnmCbUn7tl/FEUdyH0oObtI2urczxIZjWfOnEq2AWmLAS61dstfIVYMl0MA=="],

    "@stacksjs/stx": ["@stacksjs/stx@0.2.126", "", { "dependencies": { "@cwcss/crosswind": "^0.2.12", "@stacksjs/clapp": "^0.2.0", "@stacksjs/desktop": "0.2.126", "@stacksjs/sanitizer": "0.2.126", "@stacksjs/ts-i18n": "^0.1.11", "bun-plugin-stx": "0.2.126", "bunfig": "^0.15.15", "stx-router": "0.2.126", "ts-broadcasting": "^0.0.9", "ts-images": "^0.1.9", "ts-syntax-highlighter": "^0.2.1" }, "bin": { "stx": "./dist/cli.js" } }, "sha512-YZs5tHPtHSCRpy+dzUtZwYWmKElxBpwdO657dHwke6VQjDsak1OMDUx8EfLQct3btVgVe/MBiLH7y6xWdnHelQ=="],

    "@stacksjs/ts-avif": ["@stacksjs/ts-avif@0.1.3", "", {}, "sha512-4yysfhz3qjC3DbM1VoG0uW4DjrROjY2eXFUElcMUEe1dH8tGoeLF3BVLi2qdKchtRNX2kojnrbS1vLv4njKIXQ=="],

    "@stacksjs/ts-bmp": ["@stacksjs/ts-bmp@0.1.1", "", {}, "sha512-TIgm4rbCoYOijlg2gQuAyJErXeeoVzra4snxNvZ2fe6QBGIA0gm5147oo3t/cIeTMUzbmnyJ1g0QbT4kP4Ck9Q=="],

    "@stacksjs/ts-css": ["@stacksjs/ts-css@0.1.1", "", { "dependencies": { "bunfig": "^0.15.6" }, "bin": { "ts-css": "./dist/bin/cli.js" } }, "sha512-E2lxtiY4LqX+wEr3CeBRw7veZ7M7rlt5rjUErOCV9WCQ3d1SnSI4WADpe8rXkWwxykx3/9prLOF0PgfHfDzlEg=="],

    "@stacksjs/ts-i18n": ["@stacksjs/ts-i18n@0.1.11", "", { "dependencies": { "@stacksjs/clapp": "^0.2.9", "bunfig": "^0.15.6" }, "bin": { "i18n": "./dist/cli.js" } }, "sha512-33FM0gKdxBy6EUsUZLGAMe0D7QUZ4f/BQXRsQIyzkZgs2+juruUTevPuJGCjWSZsgJuiaBfEJn8Oq8ctuo1OWQ=="],

    "@stacksjs/ts-png": ["@stacksjs/ts-png@0.1.8", "", {}, "sha512-6xJFCujeERqSJDdL/56XOButQnQuvUPdrKfAj5Ge2YQyQ3EgY7Eq6h24qaePHmEEiWDoo/4N6Wi2VvZpQXwz9w=="],

    "@stacksjs/ts-spell-check": ["@stacksjs/ts-spell-check@0.1.0", "", {}, "sha512-GnrxhHh606U6e0uPoUfbyh3sWI2VCtj6IwtSS4ik8Jz7vF11WFZ4qeCnXlUSZXLLlk0ukcdpilZr4girmx7PbA=="],

    "@stacksjs/ts-svg": ["@stacksjs/ts-svg@0.1.2", "", { "dependencies": { "@stacksjs/ts-css": "^0.1.0", "@stacksjs/ts-png": "^0.1.2" }, "bin": { "svg": "./dist/cli.js" } }, "sha512-G4xwU9P/I2JbCAxyvUktv2Y+qYGktuxG5VvCYnF7jrhTD9x+spmdDVmLZ08wkdVTdvtzyJbzY0C25+ESACleBQ=="],

    "@stacksjs/ts-webp": ["@stacksjs/ts-webp@0.1.2", "", {}, "sha512-Wefb+axmDV5cC6gO0VtW7yldPBB9IcqNoywrj4r+5g6t95ciRhZAqU/+Ho6/n7vb4kSPTzlET/YSbr5O9/wM7w=="],

    "@types/bun": ["@types/bun@1.3.14", "", { "dependencies": { "bun-types": "1.3.14" } }, "sha512-h1hFqFVcvAvD9j9K7ZW7vd82aSA+rTdznZa+5bwvCwqSB1jmmfLcbIWhOLx1/+boy/xmjgCs/OMUL8hRJSmnPw=="],

    "@types/node": ["@types/node@26.1.2", "", { "dependencies": { "undici-types": "~8.3.0" } }, "sha512-Vu4a5UFA9rIIFJ7rB/Vaafh9lrCQszopTCx6KjFboXTGQbPNasehVR5TEiithSDGyd1DEiUByggTZsg8jukeIg=="],

    "bun-git-hooks": ["bun-git-hooks@0.3.2", "", { "bin": { "git-hooks": "./dist/bin/cli.js", "bun-git-hooks": "./dist/bin/cli.js" } }, "sha512-cHkmB7sxmtPNekzG0nGXqbN8Q+dZf4muvV4eCB8dBCduW1DHR+4YulKinPUk/C6Rogy+JMyL1ysVVVWwZobwZw=="],

    "bun-plugin-stx": ["bun-plugin-stx@0.2.126", "", { "dependencies": { "@stacksjs/stx": "^0.2.72", "stx-router": "^0.2.72" }, "bin": { "serve": "./dist/serve.js", "stx-serve": "./dist/serve.js" } }, "sha512-YZOJCQUVKjE7M6kk1BI/jx9p3yIXI9jRADE/WEIVxmOT8nzkeHzDB/8lpvlWC6vUOq/YxLFSd+Qsa7jcw+FTww=="],

    "bun-types": ["bun-types@1.3.14", "", { "dependencies": { "@types/node": "*" } }, "sha512-4N0ig0fEomHt5R0KCFWjovxow98rIoRwKolrYdCcknNwMekCXRnWEUvgu5soYV8QXtVsrUD8B95MBOZGPvr6KQ=="],

    "bunfig": ["bunfig@0.15.15", "", { "dependencies": { "@stacksjs/clapp": "^0.2.0", "@stacksjs/clarity": "^0.3.24" }, "bin": { "bunfig": "./bin/cli.js" } }, "sha512-LEBk4M2WqwsJs7U9N5ZnEV6C9Oq74yhcF0VQj/dFBLWyxhDozH3xn4zxrJOFyTwYzYPn6AyDGtSnq2B05HrWZA=="],

    "craft-native": ["craft-native@0.0.55", "", { "bin": { "craft-sdk": "dist/cli.js" } }, "sha512-qFekhPhVKRqsMJLaX9zTDQCq03ciVYvARoiBJYtFfFiQuf/uwBWEfhlez5pjKLnX4PVuQhsZM2PwG+NLdoxvbQ=="],

    "data-uri-to-buffer": ["data-uri-to-buffer@6.0.2", "", {}, "sha512-7hvf7/GW8e86rW0ptuwS3OcBGDjIi6SZva7hCyWC0yYry2cOPmLIjXAUHI6DK2HsnwJd9ifmt57i8eV2n4YNpw=="],

    "pickier": ["pickier@0.1.44", "", { "dependencies": { "@stacksjs/clapp": "^0.2.3", "@stacksjs/clarity": "^0.3.24" }, "optionalDependencies": { "@stacksjs/ts-spell-check": "^0.1.0" }, "bin": { "pickier": "./dist/bin/cli.js" } }, "sha512-AsxHdocnlH6UfVW3ojkyZ/UlRCOHiSq/IciGA94ELYJAcqBaokOdbhTq0EPpMJdq4ZVYWTjRgl13wL/fl21Z1Q=="],

    "stx-router": ["stx-router@0.2.126", "", {}, "sha512-v9qTKiJrcRHW1cTImQM8LOmrjdNucd/DMudFWo3luI/u5IrNAIpz/MeomV3vVtCwXraB6axDAjoV+UXwBJPLCw=="],

    "ts-broadcasting": ["ts-broadcasting@0.0.9", "", { "bin": { "broadcast": "./dist/bin/cli.js" } }, "sha512-OA95bHPe3M/24Gx8FpbUV0+NzGwvemG2LP64s1p/zATagX8xJckeziru03ccjW0ExWaD+W5tC1GRIqS6lfbB4A=="],

    "ts-gif": ["ts-gif@0.1.2", "", { "dependencies": { "data-uri-to-buffer": "^6.0.2" } }, "sha512-jbraplO1qqJtrtkFeepNPUGPad7w8FQHWIQFsn1OJbHeWKUbdqdkrX18XzNXI5Fw7+s6A3nbNTdj+Ukn4d3f8g=="],

    "ts-images": ["ts-images@0.1.11", "", { "dependencies": { "@stacksjs/ts-avif": "^0.1.0", "@stacksjs/ts-bmp": "^0.1.0", "@stacksjs/ts-png": "^0.1.2", "@stacksjs/ts-svg": "^0.1.1", "@stacksjs/ts-webp": "^0.1.0", "ts-gif": "^0.1.2", "ts-jpeg": "^0.3.1" }, "bin": { "imgx": "./dist/bin/cli.js" } }, "sha512-b5g1uADQR1Ytg4mS0EyFEce9jWhxC/kj1f5ChTVnnpPZV8NhI+aEW8YbH+LMDRCzCE1HRJiUIweUPqMkMAytIA=="],

    "ts-jpeg": ["ts-jpeg@0.3.4", "", {}, "sha512-yK5fhHcMVBoEs+qReAMrDsh4q1mDmheylyg1k30TKzLeZl4hkM5MIMIEy4ZuFtV3l276JomBSZKnlEYoA1/eeQ=="],

    "ts-syntax-highlighter": ["ts-syntax-highlighter@0.2.6", "", { "bin": { "ts-syntax-highlighter": "./dist/bin/cli.js" } }, "sha512-DJO+DNoBhtoMqjgvfGNm214Pa/k6VxnR6du+nZzW0af2dfvZf9Dz0lnV21eLTtsqNQ+rdIM4S0gYZRLYKPrdEg=="],

    "typescript": ["typescript@5.9.3", "", { "bin": { "tsc": "bin/tsc", "tsserver": "bin/tsserver" } }, "sha512-jl1vZzPDinLr9eUt3J/t7V6FgNEw9QjvBPdysz9KfQDD41fQrC2Y4vKQdiaUpFT4bXlb1RHhLpp8wtm6M5TgSw=="],

    "undici-types": ["undici-types@8.3.0", "", {}, "sha512-j375ScV60dom+YkPFIfTLcOiPxkN/buHz5GobjLhixFuANaNs3C9l4GmrWqejgXWJ7BbJcFYpTEUkS1Ge8bpZQ=="],

    "very-happy-dom": ["very-happy-dom@0.1.10", "", {}, "sha512-MOo3hmxPPMVXW9yrqGtu43FOfMMQ7e6IgNSa10KkCShL0jmoIQi1ISFiyIIVJoCVE9UdVskO++hwJAKWWFoy5w=="],
  }
}
